
Microsoft Visual Studio Solution File, Format Version 12.00
# Visual Studio 15
VisualStudioVersion = 15.0.28307.489
MinimumVisualStudioVersion = 10.0.40219.1
Project("{FAE04EC0-301F-11D3-BF4B-00C04F79EFBC}") = "MemoryAllocationGUI", "MemoryAllocationGUI\MemoryAllocationGUI.csproj", "{60DC8200-0CA4-40B4-973B-3023611E7D92}"
EndProject
Global
	GlobalSection(SolutionConfigurationPlatforms) = preSolution
		Debug|Any CPU = Debug|Any CPU
		Release|Any CPU = Release|Any CPU
	EndGlobalSection
	GlobalSection(ProjectConfigurationPlatforms) = postSolution
		{60DC8200-0CA4-40B4-973B-3023611E7D92}.Debug|Any CPU.ActiveCfg = Debug|Any CPU
		{60DC8200-0CA4-40B4-973B-3023611E7D92}.Debug|Any CPU.Build.0 = Debug|Any CPU
		{60DC8200-0CA4-40B4-973B-3023611E7D92}.Release|Any CPU.ActiveCfg = Release|Any CPU
		{60DC8200-0CA4-40B4-973B-3023611E7D92}.Release|Any CPU.Build.0 = Release|Any CPU
	EndGlobalSection
	GlobalSection(SolutionProperties) = preSolution
		HideSolutionNode = FALSE
	EndGlobalSection
	GlobalSection(ExtensibilityGlobals) = postSolution
		SolutionGuid = {007D6828-FD51-4363-A33F-D9B08E2C744E}
	EndGlobalSection
EndGlobal
